<?xml version="1.0" encoding="utf-8"?>
<Project ToolsVersion="4.0" xmlns="http://schemas.microsoft.com/developer/msbuild/2003">
  <ItemGroup>
    <Filter Include="源文件">
      <UniqueIdentifier>{4FC737F1-C7A5-4376-A066-2A32D752A2FF}</UniqueIdentifier>
      <Extensions>cpp;c;cc;cxx;def;odl;idl;hpj;bat;asm;asmx</Extensions>
    </Filter>
    <Filter Include="头文件">
      <UniqueIdentifier>{93995380-89BD-4b04-88EB-625FBE52EBFB}</UniqueIdentifier>
      <Extensions>h;hh;hpp;hxx;hm;inl;inc;ipp;xsd</Extensions>
    </Filter>
    <Filter Include="资源文件">
      <UniqueIdentifier>{67DA6AB6-F800-4c08-8B7A-83BB121AAD01}</UniqueIdentifier>
      <Extensions>rc;ico;cur;bmp;dlg;rc2;rct;bin;rgs;gif;jpg;jpeg;jpe;resx;tiff;tif;png;wav;mfcribbon-ms</Extensions>
    </Filter>
    <Filter Include="imgui">
      <UniqueIdentifier>{5349dcfc-e88b-46a8-9ef9-5358dbaebf10}</UniqueIdentifier>
    </Filter>
  </ItemGroup>
  <ItemGroup>
    <ClCompile Include="SimplifiedMineCraft.cpp">
      <Filter>源文件</Filter>
    </ClCompile>
    <ClCompile Include="InitShader.cpp">
      <Filter>源文件</Filter>
    </ClCompile>
    <ClCompile Include="LoadTexture.cpp">
      <Filter>源文件</Filter>
    </ClCompile>
    <ClCompile Include="GenCubes.cpp">
      <Filter>源文件</Filter>
    </ClCompile>
    <ClCompile Include="include\imgui\imgui.cpp">
      <Filter>imgui</Filter>
    </ClCompile>
    <ClCompile Include="include\imgui\imgui_demo.cpp">
      <Filter>imgui</Filter>
    </ClCompile>
    <ClCompile Include="include\imgui\imgui_draw.cpp">
      <Filter>imgui</Filter>
    </ClCompile>
    <ClCompile Include="include\imgui\imgui_impl_glut.cpp">
      <Filter>imgui</Filter>
    </ClCompile>
    <ClCompile Include="Player.cpp">
      <Filter>源文件</Filter>
    </ClCompile>
    <ClCompile Include="Cubes.cpp">
      <Filter>源文件</Filter>
    </ClCompile>
    <ClCompile Include="GameManager.cpp">
      <Filter>源文件</Filter>
    </ClCompile>
    <ClCompile Include="Skybox.cpp">
      <Filter>源文件</Filter>
    </ClCompile>
    <ClCompile Include="Sound.cpp">
      <Filter>源文件</Filter>
    </ClCompile>
  </ItemGroup>
  <ItemGroup>
    <ClInclude Include="InitShader.h">
      <Filter>头文件</Filter>
    </ClInclude>
    <ClInclude Include="LoadTexture.h">
      <Filter>头文件</Filter>
    </ClInclude>
    <ClInclude Include="GenCubes.h">
      <Filter>头文件</Filter>
    </ClInclude>
    <ClInclude Include="include\imgui\imconfig.h">
      <Filter>imgui</Filter>
    </ClInclude>
    <ClInclude Include="include\imgui\imgui.h">
      <Filter>imgui</Filter>
    </ClInclude>
    <ClInclude Include="include\imgui\imgui_impl_glut.h">
      <Filter>imgui</Filter>
    </ClInclude>
    <ClInclude Include="include\imgui\imgui_internal.h">
      <Filter>imgui</Filter>
    </ClInclude>
    <ClInclude Include="include\imgui\stb_rect_pack.h">
      <Filter>imgui</Filter>
    </ClInclude>
    <ClInclude Include="include\imgui\stb_textedit.h">
      <Filter>imgui</Filter>
    </ClInclude>
    <ClInclude Include="include\imgui\stb_truetype.h">
      <Filter>imgui</Filter>
    </ClInclude>
    <ClInclude Include="Cubes.h">
      <Filter>头文件</Filter>
    </ClInclude>
    <ClInclude Include="Player.h">
      <Filter>头文件</Filter>
    </ClInclude>
    <ClInclude Include="GameManager.h">
      <Filter>头文件</Filter>
    </ClInclude>
    <ClInclude Include="Skybox.h">
      <Filter>头文件</Filter>
    </ClInclude>
    <ClInclude Include="Sound.h">
      <Filter>头文件</Filter>
    </ClInclude>
    <ClInclude Include="resource.h">
      <Filter>头文件</Filter>
    </ClInclude>
  </ItemGroup>
  <ItemGroup>
    <None Include="cube_fs.glsl">
      <Filter>资源文件</Filter>
    </None>
    <None Include="cube_vs.glsl">
      <Filter>资源文件</Filter>
    </None>
    <None Include="skybox_fs.glsl">
      <Filter>资源文件</Filter>
    </None>
    <None Include="skybox_vs.glsl">
      <Filter>资源文件</Filter>
    </None>
    <None Include="plane_fs.glsl">
      <Filter>资源文件</Filter>
    </None>
    <None Include="plane_vs.glsl">
      <Filter>资源文件</Filter>
    </None>
    <None Include="shadow_fs.glsl">
      <Filter>资源文件</Filter>
    </None>
    <None Include="shadow_vs.glsl">
      <Filter>资源文件</Filter>
    </None>
    <None Include="hand_vs.glsl">
      <Filter>资源文件</Filter>
    </None>
    <None Include="hand_fs.glsl">
      <Filter>资源文件</Filter>
    </None>
    <None Include="ui_vs.glsl">
      <Filter>资源文件</Filter>
    </None>
    <None Include="ui_fs.glsl">
      <Filter>资源文件</Filter>
    </None>
  </ItemGroup>
</Project>